
Microsoft Visual Studio Solution File, Format Version 12.00
# Visual Studio Version 16
VisualStudioVersion = 16.0.35826.135
MinimumVisualStudioVersion = 10.0.40219.1
Project("{FAE04EC0-301F-11D3-BF4B-00C04F79EFBC}") = "EGBulkReport", "EGBulkReport\EGBulkReport.csproj", "{DDBA3B3C-540D-404E-AD2A-03CEE01A7163}"
EndProject
Project("{FAE04EC0-301F-11D3-BF4B-00C04F79EFBC}") = "DataServer", "DataServer\DataServer.csproj", "{8571DA2E-2CDB-4797-8364-BB6A18EB4917}"
EndProject
Project("{2150E333-8FDC-42A3-9474-1A3956D46DE8}") = "Solution Items", "Solution Items", "{28894A83-801F-465E-902F-3B4EDBE9301E}"
	ProjectSection(SolutionItems) = preProject
		..\..\..\Downloads\DExpress.rar = ..\..\..\Downloads\DExpress.rar
	EndProjectSection
EndProject
Global
	GlobalSection(SolutionConfigurationPlatforms) = preSolution
		Debug|Any CPU = Debug|Any CPU
		Release|Any CPU = Release|Any CPU
	EndGlobalSection
	GlobalSection(ProjectConfigurationPlatforms) = postSolution
		{DDBA3B3C-540D-404E-AD2A-03CEE01A7163}.Debug|Any CPU.ActiveCfg = Debug|Any CPU
		{DDBA3B3C-540D-404E-AD2A-03CEE01A7163}.Debug|Any CPU.Build.0 = Debug|Any CPU
		{DDBA3B3C-540D-404E-AD2A-03CEE01A7163}.Release|Any CPU.ActiveCfg = Release|Any CPU
		{DDBA3B3C-540D-404E-AD2A-03CEE01A7163}.Release|Any CPU.Build.0 = Release|Any CPU
		{8571DA2E-2CDB-4797-8364-BB6A18EB4917}.Debug|Any CPU.ActiveCfg = Debug|Any CPU
		{8571DA2E-2CDB-4797-8364-BB6A18EB4917}.Debug|Any CPU.Build.0 = Debug|Any CPU
		{8571DA2E-2CDB-4797-8364-BB6A18EB4917}.Release|Any CPU.ActiveCfg = Release|Any CPU
		{8571DA2E-2CDB-4797-8364-BB6A18EB4917}.Release|Any CPU.Build.0 = Release|Any CPU
	EndGlobalSection
	GlobalSection(SolutionProperties) = preSolution
		HideSolutionNode = FALSE
	EndGlobalSection
	GlobalSection(ExtensibilityGlobals) = postSolution
		SolutionGuid = {748C4D98-20DD-40BD-BB0D-94599CF140D4}
	EndGlobalSection
EndGlobal
